
Microsoft Visual Studio Solution File, Format Version 12.00
# Visual Studio 15
VisualStudioVersion = 15.0.28307.168
MinimumVisualStudioVersion = 10.0.40219.1
Project("{2150E333-8FDC-42A3-9474-1A3956D46DE8}") = "ClientApplications", "ClientApplications", "{566DB206-654C-4C9C-B5A7-19684A3524E0}"
EndProject
Project("{2150E333-8FDC-42A3-9474-1A3956D46DE8}") = "Application", "Application", "{DDD2A5C6-D42E-43AF-8CBD-9BAAB5C890EB}"
EndProject
Project("{9A19103F-16F7-4668-BE54-9A1E7A4F7556}") = "CSD.Utility", "CSD.Utility\CSD.Utility.csproj", "{46C4DA0F-C068-47A1-807A-E04DC266A6B5}"
EndProject
Project("{2150E333-8FDC-42A3-9474-1A3956D46DE8}") = "Domain", "Domain", "{459FAD08-A09F-499F-B2AC-94C65387DDB9}"
EndProject
Project("{9A19103F-16F7-4668-BE54-9A1E7A4F7556}") = "CSD.Repositories.Interfaces", "CSD.Repositories.Interfaces\CSD.Repositories.Interfaces.csproj", "{FFD8B3E4-B422-468C-B434-399206C41031}"
EndProject
Project("{2150E333-8FDC-42A3-9474-1A3956D46DE8}") = "Infrastructure", "Infrastructure", "{B39E35CE-DEBC-4408-8A6C-C5D07BE20E35}"
EndProject
Project("{9A19103F-16F7-4668-BE54-9A1E7A4F7556}") = "CSD.Repositories", "CSD.Repositories\CSD.Repositories.csproj", "{9627BF22-5F7F-4BC4-A4A8-22FC8926134E}"
EndProject
Project("{9A19103F-16F7-4668-BE54-9A1E7A4F7556}") = "CSD.ORM", "CSD.ORM\CSD.ORM.csproj", "{5DCE9668-2ADB-4962-B743-349A5D1FEC1D}"
EndProject
Project("{9A19103F-16F7-4668-BE54-9A1E7A4F7556}") = "CSD.Entities", "CSD.Entities\CSD.Entities.csproj", "{92E9A861-26A0-467A-AF2D-5F434B37AFF7}"
EndProject
Project("{2150E333-8FDC-42A3-9474-1A3956D46DE8}") = "DistributedService", "DistributedService", "{3ED17B06-CFAD-4B15-99ED-CEA2ACA1A5B0}"
EndProject
Project("{FAE04EC0-301F-11D3-BF4B-00C04F79EFBC}") = "CSD.First", "CSD.First\CSD.First.csproj", "{916D7377-6D1E-4F82-B151-D9F8CB99F64D}"
EndProject
Global
	GlobalSection(SolutionConfigurationPlatforms) = preSolution
		Debug|Any CPU = Debug|Any CPU
		Release|Any CPU = Release|Any CPU
	EndGlobalSection
	GlobalSection(ProjectConfigurationPlatforms) = postSolution
		{46C4DA0F-C068-47A1-807A-E04DC266A6B5}.Debug|Any CPU.ActiveCfg = Debug|Any CPU
		{46C4DA0F-C068-47A1-807A-E04DC266A6B5}.Debug|Any CPU.Build.0 = Debug|Any CPU
		{46C4DA0F-C068-47A1-807A-E04DC266A6B5}.Release|Any CPU.ActiveCfg = Release|Any CPU
		{46C4DA0F-C068-47A1-807A-E04DC266A6B5}.Release|Any CPU.Build.0 = Release|Any CPU
		{FFD8B3E4-B422-468C-B434-399206C41031}.Debug|Any CPU.ActiveCfg = Debug|Any CPU
		{FFD8B3E4-B422-468C-B434-399206C41031}.Debug|Any CPU.Build.0 = Debug|Any CPU
		{FFD8B3E4-B422-468C-B434-399206C41031}.Release|Any CPU.ActiveCfg = Release|Any CPU
		{FFD8B3E4-B422-468C-B434-399206C41031}.Release|Any CPU.Build.0 = Release|Any CPU
		{9627BF22-5F7F-4BC4-A4A8-22FC8926134E}.Debug|Any CPU.ActiveCfg = Debug|Any CPU
		{9627BF22-5F7F-4BC4-A4A8-22FC8926134E}.Debug|Any CPU.Build.0 = Debug|Any CPU
		{9627BF22-5F7F-4BC4-A4A8-22FC8926134E}.Release|Any CPU.ActiveCfg = Release|Any CPU
		{9627BF22-5F7F-4BC4-A4A8-22FC8926134E}.Release|Any CPU.Build.0 = Release|Any CPU
		{5DCE9668-2ADB-4962-B743-349A5D1FEC1D}.Debug|Any CPU.ActiveCfg = Debug|Any CPU
		{5DCE9668-2ADB-4962-B743-349A5D1FEC1D}.Debug|Any CPU.Build.0 = Debug|Any CPU
		{5DCE9668-2ADB-4962-B743-349A5D1FEC1D}.Release|Any CPU.ActiveCfg = Release|Any CPU
		{5DCE9668-2ADB-4962-B743-349A5D1FEC1D}.Release|Any CPU.Build.0 = Release|Any CPU
		{92E9A861-26A0-467A-AF2D-5F434B37AFF7}.Debug|Any CPU.ActiveCfg = Debug|Any CPU
		{92E9A861-26A0-467A-AF2D-5F434B37AFF7}.Debug|Any CPU.Build.0 = Debug|Any CPU
		{92E9A861-26A0-467A-AF2D-5F434B37AFF7}.Release|Any CPU.ActiveCfg = Release|Any CPU
		{92E9A861-26A0-467A-AF2D-5F434B37AFF7}.Release|Any CPU.Build.0 = Release|Any CPU
		{916D7377-6D1E-4F82-B151-D9F8CB99F64D}.Debug|Any CPU.ActiveCfg = Debug|Any CPU
		{916D7377-6D1E-4F82-B151-D9F8CB99F64D}.Debug|Any CPU.Build.0 = Debug|Any CPU
		{916D7377-6D1E-4F82-B151-D9F8CB99F64D}.Release|Any CPU.ActiveCfg = Release|Any CPU
		{916D7377-6D1E-4F82-B151-D9F8CB99F64D}.Release|Any CPU.Build.0 = Release|Any CPU
	EndGlobalSection
	GlobalSection(SolutionProperties) = preSolution
		HideSolutionNode = FALSE
	EndGlobalSection
	GlobalSection(NestedProjects) = preSolution
		{DDD2A5C6-D42E-43AF-8CBD-9BAAB5C890EB} = {566DB206-654C-4C9C-B5A7-19684A3524E0}
		{46C4DA0F-C068-47A1-807A-E04DC266A6B5} = {DDD2A5C6-D42E-43AF-8CBD-9BAAB5C890EB}
		{FFD8B3E4-B422-468C-B434-399206C41031} = {459FAD08-A09F-499F-B2AC-94C65387DDB9}
		{9627BF22-5F7F-4BC4-A4A8-22FC8926134E} = {B39E35CE-DEBC-4408-8A6C-C5D07BE20E35}
		{5DCE9668-2ADB-4962-B743-349A5D1FEC1D} = {B39E35CE-DEBC-4408-8A6C-C5D07BE20E35}
		{92E9A861-26A0-467A-AF2D-5F434B37AFF7} = {459FAD08-A09F-499F-B2AC-94C65387DDB9}
		{916D7377-6D1E-4F82-B151-D9F8CB99F64D} = {3ED17B06-CFAD-4B15-99ED-CEA2ACA1A5B0}
	EndGlobalSection
	GlobalSection(ExtensibilityGlobals) = postSolution
		SolutionGuid = {187810D4-E70F-4EE7-A6CB-0AA51A3FCE9F}
	EndGlobalSection
EndGlobal
